
Microsoft Visual Studio Solution File, Format Version 12.00
# Visual Studio 15
VisualStudioVersion = 15.0.28307.271
MinimumVisualStudioVersion = 10.0.40219.1
Project("{FAE04EC0-301F-11D3-BF4B-00C04F79EFBC}") = "Capa_Datos", "Capa_Datos\Capa_Datos.csproj", "{3F0D8E2F-3FBA-4FF6-9E62-CFBEC382831D}"
EndProject
Project("{FAE04EC0-301F-11D3-BF4B-00C04F79EFBC}") = "Capa_Negocio", "Capa_Negocios\Capa_Negocio.csproj", "{0C706B51-EE9B-4868-916E-6CD6DBE72D1A}"
EndProject
Project("{FAE04EC0-301F-11D3-BF4B-00C04F79EFBC}") = "Capa_Presentacion", "..\..\Sistema_Gestión_Académica_EduSmart\Sistema_Gestión_Académica_EduSmart\Capa_Presentacion.csproj", "{63737D10-2312-453B-8125-50C3669D8B0B}"
EndProject
Global
	GlobalSection(SolutionConfigurationPlatforms) = preSolution
		Ad-Hoc|Any CPU = Ad-Hoc|Any CPU
		Ad-Hoc|ARM = Ad-Hoc|ARM
		Ad-Hoc|iPhone = Ad-Hoc|iPhone
		Ad-Hoc|iPhoneSimulator = Ad-Hoc|iPhoneSimulator
		Ad-Hoc|x64 = Ad-Hoc|x64
		Ad-Hoc|x86 = Ad-Hoc|x86
		AppStore|Any CPU = AppStore|Any CPU
		AppStore|ARM = AppStore|ARM
		AppStore|iPhone = AppStore|iPhone
		AppStore|iPhoneSimulator = AppStore|iPhoneSimulator
		AppStore|x64 = AppStore|x64
		AppStore|x86 = AppStore|x86
		Debug|Any CPU = Debug|Any CPU
		Debug|ARM = Debug|ARM
		Debug|iPhone = Debug|iPhone
		Debug|iPhoneSimulator = Debug|iPhoneSimulator
		Debug|x64 = Debug|x64
		Debug|x86 = Debug|x86
		Release|Any CPU = Release|Any CPU
		Release|ARM = Release|ARM
		Release|iPhone = Release|iPhone
		Release|iPhoneSimulator = Release|iPhoneSimulator
		Release|x64 = Release|x64
		Release|x86 = Release|x86
	EndGlobalSection
	GlobalSection(ProjectConfigurationPlatforms) = postSolution
		{3F0D8E2F-3FBA-4FF6-9E62-CFBEC382831D}.Ad-Hoc|Any CPU.ActiveCfg = Release|Any CPU
		{3F0D8E2F-3FBA-4FF6-9E62-CFBEC382831D}.Ad-Hoc|Any CPU.Build.0 = Release|Any CPU
		{3F0D8E2F-3FBA-4FF6-9E62-CFBEC382831D}.Ad-Hoc|ARM.ActiveCfg = Release|Any CPU
		{3F0D8E2F-3FBA-4FF6-9E62-CFBEC382831D}.Ad-Hoc|ARM.Build.0 = Release|Any CPU
		{3F0D8E2F-3FBA-4FF6-9E62-CFBEC382831D}.Ad-Hoc|iPhone.ActiveCfg = Release|Any CPU
		{3F0D8E2F-3FBA-4FF6-9E62-CFBEC382831D}.Ad-Hoc|iPhone.Build.0 = Release|Any CPU
		{3F0D8E2F-3FBA-4FF6-9E62-CFBEC382831D}.Ad-Hoc|iPhoneSimulator.ActiveCfg = Release|Any CPU
		{3F0D8E2F-3FBA-4FF6-9E62-CFBEC382831D}.Ad-Hoc|iPhoneSimulator.Build.0 = Release|Any CPU
		{3F0D8E2F-3FBA-4FF6-9E62-CFBEC382831D}.Ad-Hoc|x64.ActiveCfg = Release|Any CPU
		{3F0D8E2F-3FBA-4FF6-9E62-CFBEC382831D}.Ad-Hoc|x64.Build.0 = Release|Any CPU
		{3F0D8E2F-3FBA-4FF6-9E62-CFBEC382831D}.Ad-Hoc|x86.ActiveCfg = Release|Any CPU
		{3F0D8E2F-3FBA-4FF6-9E62-CFBEC382831D}.Ad-Hoc|x86.Build.0 = Release|Any CPU
		{3F0D8E2F-3FBA-4FF6-9E62-CFBEC382831D}.AppStore|Any CPU.ActiveCfg = Release|Any CPU
		{3F0D8E2F-3FBA-4FF6-9E62-CFBEC382831D}.AppStore|Any CPU.Build.0 = Release|Any CPU
		{3F0D8E2F-3FBA-4FF6-9E62-CFBEC382831D}.AppStore|ARM.ActiveCfg = Release|Any CPU
		{3F0D8E2F-3FBA-4FF6-9E62-CFBEC382831D}.AppStore|ARM.Build.0 = Release|Any CPU
		{3F0D8E2F-3FBA-4FF6-9E62-CFBEC382831D}.AppStore|iPhone.ActiveCfg = Release|Any CPU
		{3F0D8E2F-3FBA-4FF6-9E62-CFBEC382831D}.AppStore|iPhone.Build.0 = Release|Any CPU
		{3F0D8E2F-3FBA-4FF6-9E62-CFBEC382831D}.AppStore|iPhoneSimulator.ActiveCfg = Release|Any CPU
		{3F0D8E2F-3FBA-4FF6-9E62-CFBEC382831D}.AppStore|iPhoneSimulator.Build.0 = Release|Any CPU
		{3F0D8E2F-3FBA-4FF6-9E62-CFBEC382831D}.AppStore|x64.ActiveCfg = Release|Any CPU
		{3F0D8E2F-3FBA-4FF6-9E62-CFBEC382831D}.AppStore|x64.Build.0 = Release|Any CPU
		{3F0D8E2F-3FBA-4FF6-9E62-CFBEC382831D}.AppStore|x86.ActiveCfg = Release|Any CPU
		{3F0D8E2F-3FBA-4FF6-9E62-CFBEC382831D}.AppStore|x86.Build.0 = Release|Any CPU
		{3F0D8E2F-3FBA-4FF6-9E62-CFBEC382831D}.Debug|Any CPU.ActiveCfg = Debug|Any CPU
		{3F0D8E2F-3FBA-4FF6-9E62-CFBEC382831D}.Debug|Any CPU.Build.0 = Debug|Any CPU
		{3F0D8E2F-3FBA-4FF6-9E62-CFBEC382831D}.Debug|ARM.ActiveCfg = Debug|Any CPU
		{3F0D8E2F-3FBA-4FF6-9E62-CFBEC382831D}.Debug|ARM.Build.0 = Debug|Any CPU
		{3F0D8E2F-3FBA-4FF6-9E62-CFBEC382831D}.Debug|iPhone.ActiveCfg = Debug|Any CPU
		{3F0D8E2F-3FBA-4FF6-9E62-CFBEC382831D}.Debug|iPhone.Build.0 = Debug|Any CPU
		{3F0D8E2F-3FBA-4FF6-9E62-CFBEC382831D}.Debug|iPhoneSimulator.ActiveCfg = Debug|Any CPU
		{3F0D8E2F-3FBA-4FF6-9E62-CFBEC382831D}.Debug|iPhoneSimulator.Build.0 = Debug|Any CPU
		{3F0D8E2F-3FBA-4FF6-9E62-CFBEC382831D}.Debug|x64.ActiveCfg = Debug|Any CPU
		{3F0D8E2F-3FBA-4FF6-9E62-CFBEC382831D}.Debug|x64.Build.0 = Debug|Any CPU
		{3F0D8E2F-3FBA-4FF6-9E62-CFBEC382831D}.Debug|x86.ActiveCfg = Debug|Any CPU
		{3F0D8E2F-3FBA-4FF6-9E62-CFBEC382831D}.Debug|x86.Build.0 = Debug|Any CPU
		{3F0D8E2F-3FBA-4FF6-9E62-CFBEC382831D}.Release|Any CPU.ActiveCfg = Release|Any CPU
		{3F0D8E2F-3FBA-4FF6-9E62-CFBEC382831D}.Release|Any CPU.Build.0 = Release|Any CPU
		{3F0D8E2F-3FBA-4FF6-9E62-CFBEC382831D}.Release|ARM.ActiveCfg = Release|Any CPU
		{3F0D8E2F-3FBA-4FF6-9E62-CFBEC382831D}.Release|ARM.Build.0 = Release|Any CPU
		{3F0D8E2F-3FBA-4FF6-9E62-CFBEC382831D}.Release|iPhone.ActiveCfg = Release|Any CPU
		{3F0D8E2F-3FBA-4FF6-9E62-CFBEC382831D}.Release|iPhone.Build.0 = Release|Any CPU
		{3F0D8E2F-3FBA-4FF6-9E62-CFBEC382831D}.Release|iPhoneSimulator.ActiveCfg = Release|Any CPU
		{3F0D8E2F-3FBA-4FF6-9E62-CFBEC382831D}.Release|iPhoneSimulator.Build.0 = Release|Any CPU
		{3F0D8E2F-3FBA-4FF6-9E62-CFBEC382831D}.Release|x64.ActiveCfg = Release|Any CPU
		{3F0D8E2F-3FBA-4FF6-9E62-CFBEC382831D}.Release|x64.Build.0 = Release|Any CPU
		{3F0D8E2F-3FBA-4FF6-9E62-CFBEC382831D}.Release|x86.ActiveCfg = Release|Any CPU
		{3F0D8E2F-3FBA-4FF6-9E62-CFBEC382831D}.Release|x86.Build.0 = Release|Any CPU
		{0C706B51-EE9B-4868-916E-6CD6DBE72D1A}.Ad-Hoc|Any CPU.ActiveCfg = Release|Any CPU
		{0C706B51-EE9B-4868-916E-6CD6DBE72D1A}.Ad-Hoc|Any CPU.Build.0 = Release|Any CPU
		{0C706B51-EE9B-4868-916E-6CD6DBE72D1A}.Ad-Hoc|ARM.ActiveCfg = Release|Any CPU
		{0C706B51-EE9B-4868-916E-6CD6DBE72D1A}.Ad-Hoc|ARM.Build.0 = Release|Any CPU
		{0C706B51-EE9B-4868-916E-6CD6DBE72D1A}.Ad-Hoc|iPhone.ActiveCfg = Release|Any CPU
		{0C706B51-EE9B-4868-916E-6CD6DBE72D1A}.Ad-Hoc|iPhone.Build.0 = Release|Any CPU
		{0C706B51-EE9B-4868-916E-6CD6DBE72D1A}.Ad-Hoc|iPhoneSimulator.ActiveCfg = Release|Any CPU
		{0C706B51-EE9B-4868-916E-6CD6DBE72D1A}.Ad-Hoc|iPhoneSimulator.Build.0 = Release|Any CPU
		{0C706B51-EE9B-4868-916E-6CD6DBE72D1A}.Ad-Hoc|x64.ActiveCfg = Release|Any CPU
		{0C706B51-EE9B-4868-916E-6CD6DBE72D1A}.Ad-Hoc|x64.Build.0 = Release|Any CPU
		{0C706B51-EE9B-4868-916E-6CD6DBE72D1A}.Ad-Hoc|x86.ActiveCfg = Release|Any CPU
		{0C706B51-EE9B-4868-916E-6CD6DBE72D1A}.Ad-Hoc|x86.Build.0 = Release|Any CPU
		{0C706B51-EE9B-4868-916E-6CD6DBE72D1A}.AppStore|Any CPU.ActiveCfg = Release|Any CPU
		{0C706B51-EE9B-4868-916E-6CD6DBE72D1A}.AppStore|Any CPU.Build.0 = Release|Any CPU
		{0C706B51-EE9B-4868-916E-6CD6DBE72D1A}.AppStore|ARM.ActiveCfg = Release|Any CPU
		{0C706B51-EE9B-4868-916E-6CD6DBE72D1A}.AppStore|ARM.Build.0 = Release|Any CPU
		{0C706B51-EE9B-4868-916E-6CD6DBE72D1A}.AppStore|iPhone.ActiveCfg = Release|Any CPU
		{0C706B51-EE9B-4868-916E-6CD6DBE72D1A}.AppStore|iPhone.Build.0 = Release|Any CPU
		{0C706B51-EE9B-4868-916E-6CD6DBE72D1A}.AppStore|iPhoneSimulator.ActiveCfg = Release|Any CPU
		{0C706B51-EE9B-4868-916E-6CD6DBE72D1A}.AppStore|iPhoneSimulator.Build.0 = Release|Any CPU
		{0C706B51-EE9B-4868-916E-6CD6DBE72D1A}.AppStore|x64.ActiveCfg = Release|Any CPU
		{0C706B51-EE9B-4868-916E-6CD6DBE72D1A}.AppStore|x64.Build.0 = Release|Any CPU
		{0C706B51-EE9B-4868-916E-6CD6DBE72D1A}.AppStore|x86.ActiveCfg = Release|Any CPU
		{0C706B51-EE9B-4868-916E-6CD6DBE72D1A}.AppStore|x86.Build.0 = Release|Any CPU
		{0C706B51-EE9B-4868-916E-6CD6DBE72D1A}.Debug|Any CPU.ActiveCfg = Debug|Any CPU
		{0C706B51-EE9B-4868-916E-6CD6DBE72D1A}.Debug|Any CPU.Build.0 = Debug|Any CPU
		{0C706B51-EE9B-4868-916E-6CD6DBE72D1A}.Debug|ARM.ActiveCfg = Debug|Any CPU
		{0C706B51-EE9B-4868-916E-6CD6DBE72D1A}.Debug|ARM.Build.0 = Debug|Any CPU
		{0C706B51-EE9B-4868-916E-6CD6DBE72D1A}.Debug|iPhone.ActiveCfg = Debug|Any CPU
		{0C706B51-EE9B-4868-916E-6CD6DBE72D1A}.Debug|iPhone.Build.0 = Debug|Any CPU
		{0C706B51-EE9B-4868-916E-6CD6DBE72D1A}.Debug|iPhoneSimulator.ActiveCfg = Debug|Any CPU
		{0C706B51-EE9B-4868-916E-6CD6DBE72D1A}.Debug|iPhoneSimulator.Build.0 = Debug|Any CPU
		{0C706B51-EE9B-4868-916E-6CD6DBE72D1A}.Debug|x64.ActiveCfg = Debug|Any CPU
		{0C706B51-EE9B-4868-916E-6CD6DBE72D1A}.Debug|x64.Build.0 = Debug|Any CPU
		{0C706B51-EE9B-4868-916E-6CD6DBE72D1A}.Debug|x86.ActiveCfg = Debug|Any CPU
		{0C706B51-EE9B-4868-916E-6CD6DBE72D1A}.Debug|x86.Build.0 = Debug|Any CPU
		{0C706B51-EE9B-4868-916E-6CD6DBE72D1A}.Release|Any CPU.ActiveCfg = Release|Any CPU
		{0C706B51-EE9B-4868-916E-6CD6DBE72D1A}.Release|Any CPU.Build.0 = Release|Any CPU
		{0C706B51-EE9B-4868-916E-6CD6DBE72D1A}.Release|ARM.ActiveCfg = Release|Any CPU
		{0C706B51-EE9B-4868-916E-6CD6DBE72D1A}.Release|ARM.Build.0 = Release|Any CPU
		{0C706B51-EE9B-4868-916E-6CD6DBE72D1A}.Release|iPhone.ActiveCfg = Release|Any CPU
		{0C706B51-EE9B-4868-916E-6CD6DBE72D1A}.Release|iPhone.Build.0 = Release|Any CPU
		{0C706B51-EE9B-4868-916E-6CD6DBE72D1A}.Release|iPhoneSimulator.ActiveCfg = Release|Any CPU
		{0C706B51-EE9B-4868-916E-6CD6DBE72D1A}.Release|iPhoneSimulator.Build.0 = Release|Any CPU
		{0C706B51-EE9B-4868-916E-6CD6DBE72D1A}.Release|x64.ActiveCfg = Release|Any CPU
		{0C706B51-EE9B-4868-916E-6CD6DBE72D1A}.Release|x64.Build.0 = Release|Any CPU
		{0C706B51-EE9B-4868-916E-6CD6DBE72D1A}.Release|x86.ActiveCfg = Release|Any CPU
		{0C706B51-EE9B-4868-916E-6CD6DBE72D1A}.Release|x86.Build.0 = Release|Any CPU
		{63737D10-2312-453B-8125-50C3669D8B0B}.Ad-Hoc|Any CPU.ActiveCfg = Release|Any CPU
		{63737D10-2312-453B-8125-50C3669D8B0B}.Ad-Hoc|Any CPU.Build.0 = Release|Any CPU
		{63737D10-2312-453B-8125-50C3669D8B0B}.Ad-Hoc|ARM.ActiveCfg = Release|Any CPU
		{63737D10-2312-453B-8125-50C3669D8B0B}.Ad-Hoc|ARM.Build.0 = Release|Any CPU
		{63737D10-2312-453B-8125-50C3669D8B0B}.Ad-Hoc|iPhone.ActiveCfg = Release|Any CPU
		{63737D10-2312-453B-8125-50C3669D8B0B}.Ad-Hoc|iPhone.Build.0 = Release|Any CPU
		{63737D10-2312-453B-8125-50C3669D8B0B}.Ad-Hoc|iPhoneSimulator.ActiveCfg = Release|Any CPU
		{63737D10-2312-453B-8125-50C3669D8B0B}.Ad-Hoc|iPhoneSimulator.Build.0 = Release|Any CPU
		{63737D10-2312-453B-8125-50C3669D8B0B}.Ad-Hoc|x64.ActiveCfg = Release|Any CPU
		{63737D10-2312-453B-8125-50C3669D8B0B}.Ad-Hoc|x64.Build.0 = Release|Any CPU
		{63737D10-2312-453B-8125-50C3669D8B0B}.Ad-Hoc|x86.ActiveCfg = Release|Any CPU
		{63737D10-2312-453B-8125-50C3669D8B0B}.Ad-Hoc|x86.Build.0 = Release|Any CPU
		{63737D10-2312-453B-8125-50C3669D8B0B}.AppStore|Any CPU.ActiveCfg = Release|Any CPU
		{63737D10-2312-453B-8125-50C3669D8B0B}.AppStore|Any CPU.Build.0 = Release|Any CPU
		{63737D10-2312-453B-8125-50C3669D8B0B}.AppStore|ARM.ActiveCfg = Release|Any CPU
		{63737D10-2312-453B-8125-50C3669D8B0B}.AppStore|ARM.Build.0 = Release|Any CPU
		{63737D10-2312-453B-8125-50C3669D8B0B}.AppStore|iPhone.ActiveCfg = Release|Any CPU
		{63737D10-2312-453B-8125-50C3669D8B0B}.AppStore|iPhone.Build.0 = Release|Any CPU
		{63737D10-2312-453B-8125-50C3669D8B0B}.AppStore|iPhoneSimulator.ActiveCfg = Release|Any CPU
		{63737D10-2312-453B-8125-50C3669D8B0B}.AppStore|iPhoneSimulator.Build.0 = Release|Any CPU
		{63737D10-2312-453B-8125-50C3669D8B0B}.AppStore|x64.ActiveCfg = Release|Any CPU
		{63737D10-2312-453B-8125-50C3669D8B0B}.AppStore|x64.Build.0 = Release|Any CPU
		{63737D10-2312-453B-8125-50C3669D8B0B}.AppStore|x86.ActiveCfg = Release|Any CPU
		{63737D10-2312-453B-8125-50C3669D8B0B}.AppStore|x86.Build.0 = Release|Any CPU
		{63737D10-2312-453B-8125-50C3669D8B0B}.Debug|Any CPU.ActiveCfg = Debug|Any CPU
		{63737D10-2312-453B-8125-50C3669D8B0B}.Debug|Any CPU.Build.0 = Debug|Any CPU
		{63737D10-2312-453B-8125-50C3669D8B0B}.Debug|ARM.ActiveCfg = Debug|Any CPU
		{63737D10-2312-453B-8125-50C3669D8B0B}.Debug|ARM.Build.0 = Debug|Any CPU
		{63737D10-2312-453B-8125-50C3669D8B0B}.Debug|iPhone.ActiveCfg = Debug|Any CPU
		{63737D10-2312-453B-8125-50C3669D8B0B}.Debug|iPhone.Build.0 = Debug|Any CPU
		{63737D10-2312-453B-8125-50C3669D8B0B}.Debug|iPhoneSimulator.ActiveCfg = Debug|Any CPU
		{63737D10-2312-453B-8125-50C3669D8B0B}.Debug|iPhoneSimulator.Build.0 = Debug|Any CPU
		{63737D10-2312-453B-8125-50C3669D8B0B}.Debug|x64.ActiveCfg = Debug|Any CPU
		{63737D10-2312-453B-8125-50C3669D8B0B}.Debug|x64.Build.0 = Debug|Any CPU
		{63737D10-2312-453B-8125-50C3669D8B0B}.Debug|x86.ActiveCfg = Debug|Any CPU
		{63737D10-2312-453B-8125-50C3669D8B0B}.Debug|x86.Build.0 = Debug|Any CPU
		{63737D10-2312-453B-8125-50C3669D8B0B}.Release|Any CPU.ActiveCfg = Release|Any CPU
		{63737D10-2312-453B-8125-50C3669D8B0B}.Release|Any CPU.Build.0 = Release|Any CPU
		{63737D10-2312-453B-8125-50C3669D8B0B}.Release|ARM.ActiveCfg = Release|Any CPU
		{63737D10-2312-453B-8125-50C3669D8B0B}.Release|ARM.Build.0 = Release|Any CPU
		{63737D10-2312-453B-8125-50C3669D8B0B}.Release|iPhone.ActiveCfg = Release|Any CPU
		{63737D10-2312-453B-8125-50C3669D8B0B}.Release|iPhone.Build.0 = Release|Any CPU
		{63737D10-2312-453B-8125-50C3669D8B0B}.Release|iPhoneSimulator.ActiveCfg = Release|Any CPU
		{63737D10-2312-453B-8125-50C3669D8B0B}.Release|iPhoneSimulator.Build.0 = Release|Any CPU
		{63737D10-2312-453B-8125-50C3669D8B0B}.Release|x64.ActiveCfg = Release|Any CPU
		{63737D10-2312-453B-8125-50C3669D8B0B}.Release|x64.Build.0 = Release|Any CPU
		{63737D10-2312-453B-8125-50C3669D8B0B}.Release|x86.ActiveCfg = Release|Any CPU
		{63737D10-2312-453B-8125-50C3669D8B0B}.Release|x86.Build.0 = Release|Any CPU
	EndGlobalSection
	GlobalSection(SolutionProperties) = preSolution
		HideSolutionNode = FALSE
	EndGlobalSection
	GlobalSection(ExtensibilityGlobals) = postSolution
		SolutionGuid = {EDEA4852-162C-4138-9844-9F14ECA95151}
	EndGlobalSection
EndGlobal
